
Microsoft Visual Studio Solution File, Format Version 12.00
# Visual Studio 15
VisualStudioVersion = 15.0.28010.2003
MinimumVisualStudioVersion = 10.0.40219.1
Project("{FAE04EC0-301F-11D3-BF4B-00C04F79EFBC}") = "ActividadWCF", "ActividadWCF\ActividadWCF.csproj", "{9385967F-9A43-486D-9E59-6B7BE67033C9}"
EndProject
Project("{FAE04EC0-301F-11D3-BF4B-00C04F79EFBC}") = "Host", "Host\Host.csproj", "{8B9243C0-5739-49A4-8956-0C63E88F0554}"
EndProject
Global
	GlobalSection(SolutionConfigurationPlatforms) = preSolution
		Debug|Any CPU = Debug|Any CPU
		Release|Any CPU = Release|Any CPU
	EndGlobalSection
	GlobalSection(ProjectConfigurationPlatforms) = postSolution
		{9385967F-9A43-486D-9E59-6B7BE67033C9}.Debug|Any CPU.ActiveCfg = Debug|Any CPU
		{9385967F-9A43-486D-9E59-6B7BE67033C9}.Debug|Any CPU.Build.0 = Debug|Any CPU
		{9385967F-9A43-486D-9E59-6B7BE67033C9}.Release|Any CPU.ActiveCfg = Release|Any CPU
		{9385967F-9A43-486D-9E59-6B7BE67033C9}.Release|Any CPU.Build.0 = Release|Any CPU
		{8B9243C0-5739-49A4-8956-0C63E88F0554}.Debug|Any CPU.ActiveCfg = Debug|Any CPU
		{8B9243C0-5739-49A4-8956-0C63E88F0554}.Debug|Any CPU.Build.0 = Debug|Any CPU
		{8B9243C0-5739-49A4-8956-0C63E88F0554}.Release|Any CPU.ActiveCfg = Release|Any CPU
		{8B9243C0-5739-49A4-8956-0C63E88F0554}.Release|Any CPU.Build.0 = Release|Any CPU
	EndGlobalSection
	GlobalSection(SolutionProperties) = preSolution
		HideSolutionNode = FALSE
	EndGlobalSection
	GlobalSection(ExtensibilityGlobals) = postSolution
		SolutionGuid = {0F4A3C6D-AE3E-4ABF-A354-1A6055D88020}
	EndGlobalSection
EndGlobal
